
Microsoft Visual Studio Solution File, Format Version 12.00
Project("{FAE04EC0-301F-11D3-BF4B-00C04F79EFBC}") = "CookieConsole", "CookieConsole\CookieConsole.csproj", "{E5025C46-EE55-44F1-ADD6-F745100406C6}"
EndProject
Project("{FAE04EC0-301F-11D3-BF4B-00C04F79EFBC}") = "Fibonacci", "Fibonacci\Fibonacci.csproj", "{57A313CA-CE00-443A-95FC-8B7FA17E67F3}"
EndProject
Project("{FAE04EC0-301F-11D3-BF4B-00C04F79EFBC}") = "ContosoPets.Api", "ContosoPets.Api\ContosoPets.Api.csproj", "{57A313CA-CE00-443A-95FC-8B7FA17E67F3}"
EndProject
Global
	GlobalSection(SolutionConfigurationPlatforms) = preSolution
		Debug|Any CPU = Debug|Any CPU
		Release|Any CPU = Release|Any CPU
	EndGlobalSection
	GlobalSection(ProjectConfigurationPlatforms) = postSolution
		{E5025C46-EE55-44F1-ADD6-F745100406C6}.Debug|Any CPU.ActiveCfg = Debug|Any CPU
		{E5025C46-EE55-44F1-ADD6-F745100406C6}.Debug|Any CPU.Build.0 = Debug|Any CPU
		{E5025C46-EE55-44F1-ADD6-F745100406C6}.Release|Any CPU.ActiveCfg = Release|Any CPU
		{E5025C46-EE55-44F1-ADD6-F745100406C6}.Release|Any CPU.Build.0 = Release|Any CPU
		{57A313CA-CE00-443A-95FC-8B7FA17E67F3}.Debug|Any CPU.ActiveCfg = Debug|Any CPU
		{57A313CA-CE00-443A-95FC-8B7FA17E67F3}.Debug|Any CPU.Build.0 = Debug|Any CPU
		{57A313CA-CE00-443A-95FC-8B7FA17E67F3}.Release|Any CPU.ActiveCfg = Release|Any CPU
		{57A313CA-CE00-443A-95FC-8B7FA17E67F3}.Release|Any CPU.Build.0 = Release|Any CPU
	EndGlobalSection
EndGlobal
